# This file is automatically @generated by Cargo.
# It is not intended for manual editing.
version = 4

[[package]]
name = "otf-pixels"
version = "0.0.1"
dependencies = [
 "otf-pixels-codec-raw",
 "otf-pixels-core",
 "otf-pixels-ops",
]

[[package]]
name = "otf-pixels-codec-raw"
version = "0.0.1"
dependencies = [
 "otf-pixels-core",
]

[[package]]
name = "otf-pixels-core"
version = "0.0.1"

[[package]]
name = "otf-pixels-ops"
version = "0.0.1"
dependencies = [
 "otf-pixels-core",
]
